
Microsoft Visual Studio Solution File, Format Version 12.00
# Visual Studio 15
VisualStudioVersion = 15.0.27130.2020
MinimumVisualStudioVersion = 10.0.40219.1
Project("{FAE04EC0-301F-11D3-BF4B-00C04F79EFBC}") = "hsm_client_dotnet", "hsm_client_dotnet\hsm_client_dotnet.csproj", "{C6C4B298-66BB-4685-AF7B-85EBC3F9BC9B}"
EndProject
Global
	GlobalSection(SolutionConfigurationPlatforms) = preSolution
		Debug|Any CPU = Debug|Any CPU
		Release|Any CPU = Release|Any CPU
	EndGlobalSection
	GlobalSection(ProjectConfigurationPlatforms) = postSolution
		{C6C4B298-66BB-4685-AF7B-85EBC3F9BC9B}.Debug|Any CPU.ActiveCfg = Debug|Any CPU
		{C6C4B298-66BB-4685-AF7B-85EBC3F9BC9B}.Debug|Any CPU.Build.0 = Debug|Any CPU
		{C6C4B298-66BB-4685-AF7B-85EBC3F9BC9B}.Release|Any CPU.ActiveCfg = Release|Any CPU
		{C6C4B298-66BB-4685-AF7B-85EBC3F9BC9B}.Release|Any CPU.Build.0 = Release|Any CPU
	EndGlobalSection
	GlobalSection(SolutionProperties) = preSolution
		HideSolutionNode = FALSE
	EndGlobalSection
	GlobalSection(ExtensibilityGlobals) = postSolution
		SolutionGuid = {3EC097CB-9A74-4DD0-8DA3-EBFD36999378}
	EndGlobalSection
EndGlobal
